
Microsoft Visual Studio Solution File, Format Version 12.00
# Visual Studio Version 16
VisualStudioVersion = 16.0.31112.23
MinimumVisualStudioVersion = 10.0.40219.1
Project("{FAE04EC0-301F-11D3-BF4B-00C04F79EFBC}") = "PushNotification_SignalR", "PushNotification_SignalR\PushNotification_SignalR.csproj", "{3BCA5D05-B11E-41DD-934E-D6DA62633FCE}"
EndProject
Global
	GlobalSection(SolutionConfigurationPlatforms) = preSolution
		Debug|Any CPU = Debug|Any CPU
		Release|Any CPU = Release|Any CPU
	EndGlobalSection
	GlobalSection(ProjectConfigurationPlatforms) = postSolution
		{3BCA5D05-B11E-41DD-934E-D6DA62633FCE}.Debug|Any CPU.ActiveCfg = Debug|Any CPU
		{3BCA5D05-B11E-41DD-934E-D6DA62633FCE}.Debug|Any CPU.Build.0 = Debug|Any CPU
		{3BCA5D05-B11E-41DD-934E-D6DA62633FCE}.Release|Any CPU.ActiveCfg = Release|Any CPU
		{3BCA5D05-B11E-41DD-934E-D6DA62633FCE}.Release|Any CPU.Build.0 = Release|Any CPU
	EndGlobalSection
	GlobalSection(SolutionProperties) = preSolution
		HideSolutionNode = FALSE
	EndGlobalSection
	GlobalSection(ExtensibilityGlobals) = postSolution
		SolutionGuid = {C02C44C0-66F5-4997-A949-89EF066D1024}
	EndGlobalSection
EndGlobal
